<Solution>
  <Configurations>
    <Platform Name="Any CPU" />
    <Platform Name="x64" />
    <Platform Name="x86" />
  </Configurations>
  <Folder Name="/Core/">
    <Project Path="CloudNimble.DotNetDocs.Core/CloudNimble.DotNetDocs.Core.csproj" />
  </Folder>
  <Folder Name="/Providers/" />
  <Folder Name="/Providers/Mintlify/">
    <Project Path="Mintlify.Core/Mintlify.Core.csproj" />
  </Folder>
  <Folder Name="/Solution Items/">
    <File Path="../CLAUDE.md" />
    <File Path="../DotNetDocs.runsettings" />
    <File Path=".editorconfig" />
    <File Path="Directory.Build.props" />
    <File Path="global.json" />
  </Folder>
  <Folder Name="/Solution Items/Specs/">
    <File Path="../specs/docfx-shortcomings.md" />
    <File Path="../specs/execution-plan.md" />
    <File Path="../specs/solution-structure.md" />
    <File Path="../specs/transformation-pipeline.md" />
  </Folder>
  <Folder Name="/Tests/">
    <Project Path="CloudNimble.DotNetDocs.Tests.Core/CloudNimble.DotNetDocs.Tests.Core.csproj" />
    <Project Path="CloudNimble.DotNetDocs.Tests.Shared/CloudNimble.DotNetDocs.Tests.Shared.csproj" />
    <Project Path="Mintlify.Tests.Core/Mintlify.Tests.Core.csproj" />
  </Folder>
</Solution>
